// !$*UTF8*$!
{
	archiveVersion = 1;
	classes = {
	};
	objectVersion = 56;
	objects = {

/* Begin PBXBuildFile section */
		A100000000000000001 /* PDFItApp.swift in Sources */ = {isa = PBXBuildFile; fileRef = A100000000000000002 /* PDFItApp.swift */; };
		A100000000000000003 /* HomeView.swift in Sources */ = {isa = PBXBuildFile; fileRef = A100000000000000004 /* HomeView.swift */; };
		A100000000000000005 /* ImportFlowModel.swift in Sources */ = {isa = PBXBuildFile; fileRef = A100000000000000006 /* ImportFlowModel.swift */; };
		A100000000000000007 /* LibraryView.swift in Sources */ = {isa = PBXBuildFile; fileRef = A100000000000000008 /* LibraryView.swift */; };
		A100000000000000009 /* PDFViewerView.swift in Sources */ = {isa = PBXBuildFile; fileRef = A100000000000000010 /* PDFViewerView.swift */; };
		A100000000000000011 /* OnboardingView.swift in Sources */ = {isa = PBXBuildFile; fileRef = A100000000000000012 /* OnboardingView.swift */; };
		A100000000000000013 /* SettingsView.swift in Sources */ = {isa = PBXBuildFile; fileRef = A100000000000000014 /* SettingsView.swift */; };
		A100000000000000015 /* AppConfiguration.swift in Sources */ = {isa = PBXBuildFile; fileRef = A100000000000000016 /* AppConfiguration.swift */; };
		A100000000000000017 /* AppConfiguration.swift in Sources */ = {isa = PBXBuildFile; fileRef = A100000000000000016 /* AppConfiguration.swift */; };
		A100000000000000018 /* ConversionCoordinator.swift in Sources */ = {isa = PBXBuildFile; fileRef = A100000000000000019 /* ConversionCoordinator.swift */; };
		A100000000000000020 /* ConversionCoordinator.swift in Sources */ = {isa = PBXBuildFile; fileRef = A100000000000000019 /* ConversionCoordinator.swift */; };
		A100000000000000021 /* ConversionError.swift in Sources */ = {isa = PBXBuildFile; fileRef = A100000000000000022 /* ConversionError.swift */; };
		A100000000000000023 /* ConversionError.swift in Sources */ = {isa = PBXBuildFile; fileRef = A100000000000000022 /* ConversionError.swift */; };
		A100000000000000024 /* ExistingPDFConverter.swift in Sources */ = {isa = PBXBuildFile; fileRef = A100000000000000025 /* ExistingPDFConverter.swift */; };
		A100000000000000026 /* ExistingPDFConverter.swift in Sources */ = {isa = PBXBuildFile; fileRef = A100000000000000025 /* ExistingPDFConverter.swift */; };
		A100000000000000027 /* ImagePDFConverter.swift in Sources */ = {isa = PBXBuildFile; fileRef = A100000000000000028 /* ImagePDFConverter.swift */; };
		A100000000000000029 /* ImagePDFConverter.swift in Sources */ = {isa = PBXBuildFile; fileRef = A100000000000000028 /* ImagePDFConverter.swift */; };
		A100000000000000030 /* TextPDFConverter.swift in Sources */ = {isa = PBXBuildFile; fileRef = A100000000000000031 /* TextPDFConverter.swift */; };
		A100000000000000032 /* TextPDFConverter.swift in Sources */ = {isa = PBXBuildFile; fileRef = A100000000000000031 /* TextPDFConverter.swift */; };
		A100000000000000033 /* InputClassification.swift in Sources */ = {isa = PBXBuildFile; fileRef = A100000000000000034 /* InputClassification.swift */; };
		A100000000000000035 /* InputClassification.swift in Sources */ = {isa = PBXBuildFile; fileRef = A100000000000000034 /* InputClassification.swift */; };
		A100000000000000036 /* InputProcessor.swift in Sources */ = {isa = PBXBuildFile; fileRef = A100000000000000037 /* InputProcessor.swift */; };
		A100000000000000038 /* InputProcessor.swift in Sources */ = {isa = PBXBuildFile; fileRef = A100000000000000037 /* InputProcessor.swift */; };
		A100000000000000039 /* ConversionOptions.swift in Sources */ = {isa = PBXBuildFile; fileRef = A100000000000000040 /* ConversionOptions.swift */; };
		A100000000000000041 /* ConversionOptions.swift in Sources */ = {isa = PBXBuildFile; fileRef = A100000000000000040 /* ConversionOptions.swift */; };
		A100000000000000042 /* IncomingItem.swift in Sources */ = {isa = PBXBuildFile; fileRef = A100000000000000043 /* IncomingItem.swift */; };
		A100000000000000044 /* IncomingItem.swift in Sources */ = {isa = PBXBuildFile; fileRef = A100000000000000043 /* IncomingItem.swift */; };
		A100000000000000045 /* AspectLayout.swift in Sources */ = {isa = PBXBuildFile; fileRef = A100000000000000046 /* AspectLayout.swift */; };
		A100000000000000047 /* AspectLayout.swift in Sources */ = {isa = PBXBuildFile; fileRef = A100000000000000046 /* AspectLayout.swift */; };
		A100000000000000048 /* PDFAssembly.swift in Sources */ = {isa = PBXBuildFile; fileRef = A100000000000000049 /* PDFAssembly.swift */; };
		A100000000000000050 /* PDFAssembly.swift in Sources */ = {isa = PBXBuildFile; fileRef = A100000000000000049 /* PDFAssembly.swift */; };
		A100000000000000051 /* StorageManager.swift in Sources */ = {isa = PBXBuildFile; fileRef = A100000000000000052 /* StorageManager.swift */; };
		A100000000000000053 /* StorageManager.swift in Sources */ = {isa = PBXBuildFile; fileRef = A100000000000000052 /* StorageManager.swift */; };
		A100000000000000054 /* StoredPDFRecord.swift in Sources */ = {isa = PBXBuildFile; fileRef = A100000000000000055 /* StoredPDFRecord.swift */; };
		A100000000000000056 /* StoredPDFRecord.swift in Sources */ = {isa = PBXBuildFile; fileRef = A100000000000000055 /* StoredPDFRecord.swift */; };
		A100000000000000057 /* FilenameGenerator.swift in Sources */ = {isa = PBXBuildFile; fileRef = A100000000000000058 /* FilenameGenerator.swift */; };
		A100000000000000059 /* FilenameGenerator.swift in Sources */ = {isa = PBXBuildFile; fileRef = A100000000000000058 /* FilenameGenerator.swift */; };
		A100000000000000060 /* TempFileStore.swift in Sources */ = {isa = PBXBuildFile; fileRef = A100000000000000061 /* TempFileStore.swift */; };
		A100000000000000062 /* TempFileStore.swift in Sources */ = {isa = PBXBuildFile; fileRef = A100000000000000061 /* TempFileStore.swift */; };
		A100000000000000063 /* WebContentExtractor.swift in Sources */ = {isa = PBXBuildFile; fileRef = A100000000000000064 /* WebContentExtractor.swift */; };
		A100000000000000065 /* WebContentExtractor.swift in Sources */ = {isa = PBXBuildFile; fileRef = A100000000000000064 /* WebContentExtractor.swift */; };
		A100000000000000066 /* WebPDFConverter.swift in Sources */ = {isa = PBXBuildFile; fileRef = A100000000000000067 /* WebPDFConverter.swift */; };
		A100000000000000068 /* WebPDFConverter.swift in Sources */ = {isa = PBXBuildFile; fileRef = A100000000000000067 /* WebPDFConverter.swift */; };
		A100000000000000069 /* ShareViewController.swift in Sources */ = {isa = PBXBuildFile; fileRef = A100000000000000070 /* ShareViewController.swift */; };
		A100000000000000071 /* ConversionTests.swift in Sources */ = {isa = PBXBuildFile; fileRef = A100000000000000072 /* ConversionTests.swift */; };
		A100000000000000073 /* CoreUnitTests.swift in Sources */ = {isa = PBXBuildFile; fileRef = A100000000000000074 /* CoreUnitTests.swift */; };
		A100000000000000075 /* StorageTests.swift in Sources */ = {isa = PBXBuildFile; fileRef = A100000000000000076 /* StorageTests.swift */; };
		A100000000000000078 /* Assets.xcassets in Resources */ = {isa = PBXBuildFile; fileRef = A100000000000000077 /* Assets.xcassets */; };
		A100000000000000080 /* PDF It Share.appex in Embed Foundation Extensions */ = {isa = PBXBuildFile; fileRef = A100000000000000079 /* PDF It Share.appex */; };
		A100000000000000141 /* ShareFlowModel.swift in Sources */ = {isa = PBXBuildFile; fileRef = A100000000000000140 /* ShareFlowModel.swift */; };
		A100000000000000142 /* ShareFlowModel.swift in Sources */ = {isa = PBXBuildFile; fileRef = A100000000000000140 /* ShareFlowModel.swift */; };
		A100000000000000144 /* ShareFlowTests.swift in Sources */ = {isa = PBXBuildFile; fileRef = A100000000000000143 /* ShareFlowTests.swift */; };
		A100000000000000146 /* WebConverterTests.swift in Sources */ = {isa = PBXBuildFile; fileRef = A100000000000000145 /* WebConverterTests.swift */; };
		A100000000000000150 /* CardTapPolicy.swift in Sources */ = {isa = PBXBuildFile; fileRef = A100000000000000149 /* CardTapPolicy.swift */; };
		A100000000000000151 /* CardTapPolicy.swift in Sources */ = {isa = PBXBuildFile; fileRef = A100000000000000149 /* CardTapPolicy.swift */; };
		A100000000000000161 /* Localizable.xcstrings in Resources */ = {isa = PBXBuildFile; fileRef = A100000000000000160 /* Localizable.xcstrings */; };
		A100000000000000162 /* Localizable.xcstrings in Resources */ = {isa = PBXBuildFile; fileRef = A100000000000000160 /* Localizable.xcstrings */; };
		A100000000000000164 /* PrivacyInfo.xcprivacy in Resources */ = {isa = PBXBuildFile; fileRef = A100000000000000163 /* PrivacyInfo.xcprivacy */; };
		A100000000000000165 /* PrivacyInfo.xcprivacy in Resources */ = {isa = PBXBuildFile; fileRef = A100000000000000163 /* PrivacyInfo.xcprivacy */; };
		A100000000000000169 /* LocalizationAndProductTests.swift in Sources */ = {isa = PBXBuildFile; fileRef = A100000000000000168 /* LocalizationAndProductTests.swift */; };
		A100000000000000171 /* ScreenshotGeneratorTests.swift in Sources */ = {isa = PBXBuildFile; fileRef = A100000000000000170 /* ScreenshotGeneratorTests.swift */; };
		A100000000000000173 /* Theme.swift in Sources */ = {isa = PBXBuildFile; fileRef = A100000000000000172 /* Theme.swift */; };
		A100000000000000181 /* URLPayloadNormalizer.swift in Sources */ = {isa = PBXBuildFile; fileRef = A100000000000000180 /* URLPayloadNormalizer.swift */; };
		A100000000000000182 /* URLPayloadNormalizer.swift in Sources */ = {isa = PBXBuildFile; fileRef = A100000000000000180 /* URLPayloadNormalizer.swift */; };
		A100000000000000184 /* PDFLibraryFolder.swift in Sources */ = {isa = PBXBuildFile; fileRef = A100000000000000183 /* PDFLibraryFolder.swift */; };
		A100000000000000185 /* PDFLibraryFolder.swift in Sources */ = {isa = PBXBuildFile; fileRef = A100000000000000183 /* PDFLibraryFolder.swift */; };
		A100000000000000187 /* PDFCustomization.swift in Sources */ = {isa = PBXBuildFile; fileRef = A100000000000000186 /* PDFCustomization.swift */; };
		A100000000000000188 /* PDFCustomization.swift in Sources */ = {isa = PBXBuildFile; fileRef = A100000000000000186 /* PDFCustomization.swift */; };
		A100000000000000190 /* PersonalizationApplier.swift in Sources */ = {isa = PBXBuildFile; fileRef = A100000000000000189 /* PersonalizationApplier.swift */; };
		A100000000000000191 /* PersonalizationApplier.swift in Sources */ = {isa = PBXBuildFile; fileRef = A100000000000000189 /* PersonalizationApplier.swift */; };
		A100000000000000193 /* LanguageManager.swift in Sources */ = {isa = PBXBuildFile; fileRef = A100000000000000192 /* LanguageManager.swift */; };
		A100000000000000194 /* LanguageManager.swift in Sources */ = {isa = PBXBuildFile; fileRef = A100000000000000192 /* LanguageManager.swift */; };
		A100000000000000196 /* ShareFlowEnvironment.swift in Sources */ = {isa = PBXBuildFile; fileRef = A100000000000000195 /* ShareFlowEnvironment.swift */; };
		A100000000000000197 /* ShareFlowEnvironment.swift in Sources */ = {isa = PBXBuildFile; fileRef = A100000000000000195 /* ShareFlowEnvironment.swift */; };
		A100000000000000199 /* LanguageSetting.swift in Sources */ = {isa = PBXBuildFile; fileRef = A100000000000000198 /* LanguageSetting.swift */; };
		A100000000000000201 /* LibraryCards.swift in Sources */ = {isa = PBXBuildFile; fileRef = A100000000000000200 /* LibraryCards.swift */; };
		A100000000000000203 /* LibrarySheets.swift in Sources */ = {isa = PBXBuildFile; fileRef = A100000000000000202 /* LibrarySheets.swift */; };
		A100000000000000205 /* CustomizePDFSheet.swift in Sources */ = {isa = PBXBuildFile; fileRef = A100000000000000204 /* CustomizePDFSheet.swift */; };
		A100000000000000207 /* ProductTests.swift in Sources */ = {isa = PBXBuildFile; fileRef = A100000000000000206 /* ProductTests.swift */; };
		A100000000000000209 /* FeaturePolicy.swift in Sources */ = {isa = PBXBuildFile; fileRef = A100000000000000208 /* FeaturePolicy.swift */; };
		A100000000000000210 /* FeaturePolicy.swift in Sources */ = {isa = PBXBuildFile; fileRef = A100000000000000208 /* FeaturePolicy.swift */; };
		A100000000000000212 /* EntitlementCenter.swift in Sources */ = {isa = PBXBuildFile; fileRef = A100000000000000211 /* EntitlementCenter.swift */; };
		A100000000000000213 /* EntitlementCenter.swift in Sources */ = {isa = PBXBuildFile; fileRef = A100000000000000211 /* EntitlementCenter.swift */; };
		A100000000000000215 /* ScanSessionModel.swift in Sources */ = {isa = PBXBuildFile; fileRef = A100000000000000214 /* ScanSessionModel.swift */; };
		A100000000000000217 /* ScanFlowModel.swift in Sources */ = {isa = PBXBuildFile; fileRef = A100000000000000216 /* ScanFlowModel.swift */; };
		A100000000000000219 /* ScanViews.swift in Sources */ = {isa = PBXBuildFile; fileRef = A100000000000000218 /* ScanViews.swift */; };
		A100000000000000221 /* ScanFlowTests.swift in Sources */ = {isa = PBXBuildFile; fileRef = A100000000000000220 /* ScanFlowTests.swift */; };
		A100000000000000225 /* PDFTools.swift in Sources */ = {isa = PBXBuildFile; fileRef = A100000000000000224 /* PDFTools.swift */; };
		A100000000000000226 /* PDFTools.swift in Sources */ = {isa = PBXBuildFile; fileRef = A100000000000000224 /* PDFTools.swift */; };
		A100000000000000228 /* PDFToolsTests.swift in Sources */ = {isa = PBXBuildFile; fileRef = A100000000000000227 /* PDFToolsTests.swift */; };
		A100000000000000230 /* OCRRouter.swift in Sources */ = {isa = PBXBuildFile; fileRef = A100000000000000229 /* OCRRouter.swift */; };
		A100000000000000231 /* OCRRouter.swift in Sources */ = {isa = PBXBuildFile; fileRef = A100000000000000229 /* OCRRouter.swift */; };
		A100000000000000233 /* OCRRouterTests.swift in Sources */ = {isa = PBXBuildFile; fileRef = A100000000000000232 /* OCRRouterTests.swift */; };
		A100000000000000236 /* ShareExtensionGuideView.swift in Sources */ = {isa = PBXBuildFile; fileRef = A100000000000000235 /* ShareExtensionGuideView.swift */; };
		A100000000000000238 /* PaywallView.swift in Sources */ = {isa = PBXBuildFile; fileRef = A100000000000000237 /* PaywallView.swift */; };
		A100000000000000241 /* PDFToolsHostView.swift in Sources */ = {isa = PBXBuildFile; fileRef = A100000000000000240 /* PDFToolsHostView.swift */; };
		A100000000000000247 /* SignatureCanvasView.swift in Sources */ = {isa = PBXBuildFile; fileRef = A100000000000000248 /* SignatureCanvasView.swift */; };
		A10000000000000011F /* SignaturePlacementCanvas.swift in Sources */ = {isa = PBXBuildFile; fileRef = A10000000000000012A /* SignaturePlacementCanvas.swift */; };
		A100000000000000243 /* LibraryIdentityTests.swift in Sources */ = {isa = PBXBuildFile; fileRef = A100000000000000242 /* LibraryIdentityTests.swift */; };
		A100000000000000246 /* DevicePassIntegrationTests.swift in Sources */ = {isa = PBXBuildFile; fileRef = A100000000000000245 /* DevicePassIntegrationTests.swift */; };
		A100000000000000250 /* ProActivationFlow.swift in Sources */ = {isa = PBXBuildFile; fileRef = A100000000000000249 /* ProActivationFlow.swift */; };
		A100000000000000252 /* PendingProIntent.swift in Sources */ = {isa = PBXBuildFile; fileRef = A100000000000000251 /* PendingProIntent.swift */; };
		A100000000000000254 /* ProActivationTests.swift in Sources */ = {isa = PBXBuildFile; fileRef = A100000000000000253 /* ProActivationTests.swift */; };
		A1000000000000000FF /* PDFItUITests.swift in Sources */ = {isa = PBXBuildFile; fileRef = A10000000000000010A /* PDFItUITests.swift */; };
		A100000000000000174 /* Theme.swift in Sources */ = {isa = PBXBuildFile; fileRef = A100000000000000172 /* Theme.swift */; };
/* End PBXBuildFile section */

/* Begin PBXContainerItemProxy section */
		A100000000000000097 /* PBXContainerItemProxy */ = {
			isa = PBXContainerItemProxy;
			containerPortal = A100000000000000101 /* Project object */;
			proxyType = 1;
			remoteGlobalIDString = A100000000000000095;
			remoteInfo = "PDF It Share";
		};
		A100000000000000099 /* PBXContainerItemProxy */ = {
			isa = PBXContainerItemProxy;
			containerPortal = A100000000000000101 /* Project object */;
			proxyType = 1;
			remoteGlobalIDString = A100000000000000094;
			remoteInfo = "PDF It";
		};
		A10000000000000011A /* PBXContainerItemProxy */ = {
			isa = PBXContainerItemProxy;
			containerPortal = A100000000000000101 /* Project object */;
			proxyType = 1;
			remoteGlobalIDString = A100000000000000094;
			remoteInfo = "PDF It";
		};
/* End PBXContainerItemProxy section */

/* Begin PBXCopyFilesBuildPhase section */
		A100000000000000088 /* Embed Foundation Extensions */ = {
			isa = PBXCopyFilesBuildPhase;
			buildActionMask = 2147483647;
			dstPath = "";
			dstSubfolderSpec = 13;
			files = (
				A100000000000000080 /* PDF It Share.appex in Embed Foundation Extensions */,
			);
			name = "Embed Foundation Extensions";
			runOnlyForDeploymentPostprocessing = 0;
		};
/* End PBXCopyFilesBuildPhase section */

/* Begin PBXFileReference section */
		A100000000000000002 /* PDFItApp.swift */ = {isa = PBXFileReference; lastKnownFileType = sourcecode.swift; path = PDFItApp.swift; sourceTree = "<group>"; };
		A100000000000000004 /* HomeView.swift */ = {isa = PBXFileReference; lastKnownFileType = sourcecode.swift; path = HomeView.swift; sourceTree = "<group>"; };
		A100000000000000006 /* ImportFlowModel.swift */ = {isa = PBXFileReference; lastKnownFileType = sourcecode.swift; path = ImportFlowModel.swift; sourceTree = "<group>"; };
		A100000000000000008 /* LibraryView.swift */ = {isa = PBXFileReference; lastKnownFileType = sourcecode.swift; path = LibraryView.swift; sourceTree = "<group>"; };
		A100000000000000010 /* PDFViewerView.swift */ = {isa = PBXFileReference; lastKnownFileType = sourcecode.swift; path = PDFViewerView.swift; sourceTree = "<group>"; };
		A100000000000000012 /* OnboardingView.swift */ = {isa = PBXFileReference; lastKnownFileType = sourcecode.swift; path = OnboardingView.swift; sourceTree = "<group>"; };
		A100000000000000014 /* SettingsView.swift */ = {isa = PBXFileReference; lastKnownFileType = sourcecode.swift; path = SettingsView.swift; sourceTree = "<group>"; };
		A100000000000000016 /* AppConfiguration.swift */ = {isa = PBXFileReference; lastKnownFileType = sourcecode.swift; path = AppConfiguration.swift; sourceTree = "<group>"; };
		A100000000000000019 /* ConversionCoordinator.swift */ = {isa = PBXFileReference; lastKnownFileType = sourcecode.swift; path = ConversionCoordinator.swift; sourceTree = "<group>"; };
		A100000000000000022 /* ConversionError.swift */ = {isa = PBXFileReference; lastKnownFileType = sourcecode.swift; path = ConversionError.swift; sourceTree = "<group>"; };
		A100000000000000025 /* ExistingPDFConverter.swift */ = {isa = PBXFileReference; lastKnownFileType = sourcecode.swift; path = ExistingPDFConverter.swift; sourceTree = "<group>"; };
		A100000000000000028 /* ImagePDFConverter.swift */ = {isa = PBXFileReference; lastKnownFileType = sourcecode.swift; path = ImagePDFConverter.swift; sourceTree = "<group>"; };
		A100000000000000031 /* TextPDFConverter.swift */ = {isa = PBXFileReference; lastKnownFileType = sourcecode.swift; path = TextPDFConverter.swift; sourceTree = "<group>"; };
		A100000000000000034 /* InputClassification.swift */ = {isa = PBXFileReference; lastKnownFileType = sourcecode.swift; path = InputClassification.swift; sourceTree = "<group>"; };
		A100000000000000037 /* InputProcessor.swift */ = {isa = PBXFileReference; lastKnownFileType = sourcecode.swift; path = InputProcessor.swift; sourceTree = "<group>"; };
		A100000000000000040 /* ConversionOptions.swift */ = {isa = PBXFileReference; lastKnownFileType = sourcecode.swift; path = ConversionOptions.swift; sourceTree = "<group>"; };
		A100000000000000043 /* IncomingItem.swift */ = {isa = PBXFileReference; lastKnownFileType = sourcecode.swift; path = IncomingItem.swift; sourceTree = "<group>"; };
		A100000000000000046 /* AspectLayout.swift */ = {isa = PBXFileReference; lastKnownFileType = sourcecode.swift; path = AspectLayout.swift; sourceTree = "<group>"; };
		A100000000000000049 /* PDFAssembly.swift */ = {isa = PBXFileReference; lastKnownFileType = sourcecode.swift; path = PDFAssembly.swift; sourceTree = "<group>"; };
		A100000000000000052 /* StorageManager.swift */ = {isa = PBXFileReference; lastKnownFileType = sourcecode.swift; path = StorageManager.swift; sourceTree = "<group>"; };
		A100000000000000055 /* StoredPDFRecord.swift */ = {isa = PBXFileReference; lastKnownFileType = sourcecode.swift; path = StoredPDFRecord.swift; sourceTree = "<group>"; };
		A100000000000000058 /* FilenameGenerator.swift */ = {isa = PBXFileReference; lastKnownFileType = sourcecode.swift; path = FilenameGenerator.swift; sourceTree = "<group>"; };
		A100000000000000061 /* TempFileStore.swift */ = {isa = PBXFileReference; lastKnownFileType = sourcecode.swift; path = TempFileStore.swift; sourceTree = "<group>"; };
		A100000000000000064 /* WebContentExtractor.swift */ = {isa = PBXFileReference; lastKnownFileType = sourcecode.swift; path = WebContentExtractor.swift; sourceTree = "<group>"; };
		A100000000000000067 /* WebPDFConverter.swift */ = {isa = PBXFileReference; lastKnownFileType = sourcecode.swift; path = WebPDFConverter.swift; sourceTree = "<group>"; };
		A100000000000000070 /* ShareViewController.swift */ = {isa = PBXFileReference; lastKnownFileType = sourcecode.swift; path = ShareViewController.swift; sourceTree = "<group>"; };
		A100000000000000072 /* ConversionTests.swift */ = {isa = PBXFileReference; lastKnownFileType = sourcecode.swift; path = ConversionTests.swift; sourceTree = "<group>"; };
		A100000000000000074 /* CoreUnitTests.swift */ = {isa = PBXFileReference; lastKnownFileType = sourcecode.swift; path = CoreUnitTests.swift; sourceTree = "<group>"; };
		A100000000000000076 /* StorageTests.swift */ = {isa = PBXFileReference; lastKnownFileType = sourcecode.swift; path = StorageTests.swift; sourceTree = "<group>"; };
		A100000000000000077 /* Assets.xcassets */ = {isa = PBXFileReference; lastKnownFileType = folder.assetcatalog; path = Assets.xcassets; sourceTree = "<group>"; };
		A100000000000000079 /* PDF It Share.appex */ = {isa = PBXFileReference; explicitFileType = "wrapper.app-extension"; includeInIndex = 0; path = "PDF It Share.appex"; sourceTree = BUILT_PRODUCTS_DIR; };
		A100000000000000081 /* PDF It.app */ = {isa = PBXFileReference; explicitFileType = wrapper.application; includeInIndex = 0; path = "PDF It.app"; sourceTree = BUILT_PRODUCTS_DIR; };
		A100000000000000082 /* PDFItTests.xctest */ = {isa = PBXFileReference; explicitFileType = wrapper.cfbundle; includeInIndex = 0; path = PDFItTests.xctest; sourceTree = BUILT_PRODUCTS_DIR; };
		A10000000000000010B /* PDFItUITests.xctrunner */ = {isa = PBXFileReference; explicitFileType = wrapper.cfbundle; includeInIndex = 0; path = PDFItUITests.xctrunner; sourceTree = BUILT_PRODUCTS_DIR; };
		A100000000000000140 /* ShareFlowModel.swift */ = {isa = PBXFileReference; lastKnownFileType = sourcecode.swift; path = ShareFlowModel.swift; sourceTree = "<group>"; };
		A100000000000000143 /* ShareFlowTests.swift */ = {isa = PBXFileReference; lastKnownFileType = sourcecode.swift; path = ShareFlowTests.swift; sourceTree = "<group>"; };
		A100000000000000145 /* WebConverterTests.swift */ = {isa = PBXFileReference; lastKnownFileType = sourcecode.swift; path = WebConverterTests.swift; sourceTree = "<group>"; };
		A100000000000000149 /* CardTapPolicy.swift */ = {isa = PBXFileReference; lastKnownFileType = sourcecode.swift; path = CardTapPolicy.swift; sourceTree = "<group>"; };
		A100000000000000160 /* Localizable.xcstrings */ = {isa = PBXFileReference; lastKnownFileType = text.json.xcstrings; path = Localizable.xcstrings; sourceTree = "<group>"; };
		A100000000000000163 /* PrivacyInfo.xcprivacy */ = {isa = PBXFileReference; lastKnownFileType = text.xml; path = PrivacyInfo.xcprivacy; sourceTree = "<group>"; };
		A100000000000000168 /* LocalizationAndProductTests.swift */ = {isa = PBXFileReference; lastKnownFileType = sourcecode.swift; path = LocalizationAndProductTests.swift; sourceTree = "<group>"; };
		A100000000000000170 /* ScreenshotGeneratorTests.swift */ = {isa = PBXFileReference; lastKnownFileType = sourcecode.swift; path = ScreenshotGeneratorTests.swift; sourceTree = "<group>"; };
		A100000000000000172 /* Theme.swift */ = {isa = PBXFileReference; lastKnownFileType = sourcecode.swift; path = Theme.swift; sourceTree = "<group>"; };
		A100000000000000180 /* URLPayloadNormalizer.swift */ = {isa = PBXFileReference; lastKnownFileType = sourcecode.swift; path = URLPayloadNormalizer.swift; sourceTree = "<group>"; };
		A100000000000000183 /* PDFLibraryFolder.swift */ = {isa = PBXFileReference; lastKnownFileType = sourcecode.swift; path = PDFLibraryFolder.swift; sourceTree = "<group>"; };
		A100000000000000186 /* PDFCustomization.swift */ = {isa = PBXFileReference; lastKnownFileType = sourcecode.swift; path = PDFCustomization.swift; sourceTree = "<group>"; };
		A100000000000000189 /* PersonalizationApplier.swift */ = {isa = PBXFileReference; lastKnownFileType = sourcecode.swift; path = PersonalizationApplier.swift; sourceTree = "<group>"; };
		A100000000000000192 /* LanguageManager.swift */ = {isa = PBXFileReference; lastKnownFileType = sourcecode.swift; path = LanguageManager.swift; sourceTree = "<group>"; };
		A100000000000000195 /* ShareFlowEnvironment.swift */ = {isa = PBXFileReference; lastKnownFileType = sourcecode.swift; path = ShareFlowEnvironment.swift; sourceTree = "<group>"; };
		A100000000000000198 /* LanguageSetting.swift */ = {isa = PBXFileReference; lastKnownFileType = sourcecode.swift; path = LanguageSetting.swift; sourceTree = "<group>"; };
		A100000000000000200 /* LibraryCards.swift */ = {isa = PBXFileReference; lastKnownFileType = sourcecode.swift; path = LibraryCards.swift; sourceTree = "<group>"; };
		A100000000000000202 /* LibrarySheets.swift */ = {isa = PBXFileReference; lastKnownFileType = sourcecode.swift; path = LibrarySheets.swift; sourceTree = "<group>"; };
		A100000000000000204 /* CustomizePDFSheet.swift */ = {isa = PBXFileReference; lastKnownFileType = sourcecode.swift; path = CustomizePDFSheet.swift; sourceTree = "<group>"; };
		A100000000000000206 /* ProductTests.swift */ = {isa = PBXFileReference; lastKnownFileType = sourcecode.swift; path = ProductTests.swift; sourceTree = "<group>"; };
		A100000000000000208 /* FeaturePolicy.swift */ = {isa = PBXFileReference; lastKnownFileType = sourcecode.swift; path = FeaturePolicy.swift; sourceTree = "<group>"; };
		A100000000000000211 /* EntitlementCenter.swift */ = {isa = PBXFileReference; lastKnownFileType = sourcecode.swift; path = EntitlementCenter.swift; sourceTree = "<group>"; };
		A100000000000000214 /* ScanSessionModel.swift */ = {isa = PBXFileReference; lastKnownFileType = sourcecode.swift; path = ScanSessionModel.swift; sourceTree = "<group>"; };
		A100000000000000216 /* ScanFlowModel.swift */ = {isa = PBXFileReference; lastKnownFileType = sourcecode.swift; path = ScanFlowModel.swift; sourceTree = "<group>"; };
		A100000000000000218 /* ScanViews.swift */ = {isa = PBXFileReference; lastKnownFileType = sourcecode.swift; path = ScanViews.swift; sourceTree = "<group>"; };
		A100000000000000220 /* ScanFlowTests.swift */ = {isa = PBXFileReference; lastKnownFileType = sourcecode.swift; path = ScanFlowTests.swift; sourceTree = "<group>"; };
		A100000000000000224 /* PDFTools.swift */ = {isa = PBXFileReference; lastKnownFileType = sourcecode.swift; path = PDFTools.swift; sourceTree = "<group>"; };
		A100000000000000227 /* PDFToolsTests.swift */ = {isa = PBXFileReference; lastKnownFileType = sourcecode.swift; path = PDFToolsTests.swift; sourceTree = "<group>"; };
		A100000000000000229 /* OCRRouter.swift */ = {isa = PBXFileReference; lastKnownFileType = sourcecode.swift; path = OCRRouter.swift; sourceTree = "<group>"; };
		A100000000000000232 /* OCRRouterTests.swift */ = {isa = PBXFileReference; lastKnownFileType = sourcecode.swift; path = OCRRouterTests.swift; sourceTree = "<group>"; };
		A100000000000000235 /* ShareExtensionGuideView.swift */ = {isa = PBXFileReference; lastKnownFileType = sourcecode.swift; path = ShareExtensionGuideView.swift; sourceTree = "<group>"; };
		A100000000000000237 /* PaywallView.swift */ = {isa = PBXFileReference; lastKnownFileType = sourcecode.swift; path = PaywallView.swift; sourceTree = "<group>"; };
		A100000000000000240 /* PDFToolsHostView.swift */ = {isa = PBXFileReference; lastKnownFileType = sourcecode.swift; path = PDFToolsHostView.swift; sourceTree = "<group>"; };
		A100000000000000248 /* SignatureCanvasView.swift */ = {isa = PBXFileReference; lastKnownFileType = sourcecode.swift; path = SignatureCanvasView.swift; sourceTree = "<group>"; };
		A10000000000000012A /* SignaturePlacementCanvas.swift */ = {isa = PBXFileReference; lastKnownFileType = sourcecode.swift; path = SignaturePlacementCanvas.swift; sourceTree = "<group>"; };
		A100000000000000242 /* LibraryIdentityTests.swift */ = {isa = PBXFileReference; lastKnownFileType = sourcecode.swift; path = LibraryIdentityTests.swift; sourceTree = "<group>"; };
		A100000000000000245 /* DevicePassIntegrationTests.swift */ = {isa = PBXFileReference; lastKnownFileType = sourcecode.swift; path = DevicePassIntegrationTests.swift; sourceTree = "<group>"; };
		A100000000000000249 /* ProActivationFlow.swift */ = {isa = PBXFileReference; lastKnownFileType = sourcecode.swift; path = ProActivationFlow.swift; sourceTree = "<group>"; };
		A100000000000000251 /* PendingProIntent.swift */ = {isa = PBXFileReference; lastKnownFileType = sourcecode.swift; path = PendingProIntent.swift; sourceTree = "<group>"; };
		A100000000000000253 /* ProActivationTests.swift */ = {isa = PBXFileReference; lastKnownFileType = sourcecode.swift; path = ProActivationTests.swift; sourceTree = "<group>"; };
		A10000000000000010A /* PDFItUITests.swift */ = {isa = PBXFileReference; lastKnownFileType = sourcecode.swift; path = PDFItUITests.swift; sourceTree = "<group>"; };
/* End PBXFileReference section */

/* Begin PBXFrameworksBuildPhase section */
		A100000000000000086 /* Frameworks */ = {
			isa = PBXFrameworksBuildPhase;
			buildActionMask = 2147483647;
			files = (
			);
			runOnlyForDeploymentPostprocessing = 0;
		};
		A100000000000000090 /* Frameworks */ = {
			isa = PBXFrameworksBuildPhase;
			buildActionMask = 2147483647;
			files = (
			);
			runOnlyForDeploymentPostprocessing = 0;
		};
		A100000000000000093 /* Frameworks */ = {
			isa = PBXFrameworksBuildPhase;
			buildActionMask = 2147483647;
			files = (
			);
			runOnlyForDeploymentPostprocessing = 0;
		};
/* End PBXFrameworksBuildPhase section */

/* Begin PBXGroup section */
		A100000000000000083 = {
			isa = PBXGroup;
			children = (
				A100000000000000114 /* PDFIt */,
				A100000000000000121 /* Shared */,
				A100000000000000129 /* ShareExtension */,
				A100000000000000130 /* PDFItTests */,
				A10000000000000010C /* PDFItUITests */,
				A100000000000000167 /* Config */,
				A100000000000000084 /* Products */,
			);
			sourceTree = "<group>";
		};
		A100000000000000084 /* Products */ = {
			isa = PBXGroup;
			children = (
				A100000000000000081 /* PDF It.app */,
				A100000000000000079 /* PDF It Share.appex */,
				A100000000000000082 /* PDFItTests.xctest */,
				A10000000000000010B /* PDFItUITests.xctrunner */,
			);
			name = Products;
			sourceTree = "<group>";
		};
		A100000000000000114 /* PDFIt */ = {
			isa = PBXGroup;
			children = (
				A100000000000000115 /* Features */,
				A100000000000000002 /* PDFItApp.swift */,
				A100000000000000198 /* LanguageSetting.swift */,
				A100000000000000077 /* Assets.xcassets */,
			);
			path = PDFIt;
			sourceTree = "<group>";
		};
		A100000000000000115 /* Features */ = {
			isa = PBXGroup;
			children = (
				A100000000000000239 /* Paywall */,
				A100000000000000223 /* Scan */,
				A100000000000000116 /* Home */,
				A100000000000000117 /* Import */,
				A100000000000000118 /* Library */,
				A100000000000000119 /* Onboarding */,
				A100000000000000120 /* Settings */,
			);
			path = Features;
			sourceTree = "<group>";
		};
		A100000000000000239 /* Paywall */ = {
			isa = PBXGroup;
			children = (
				A100000000000000237 /* PaywallView.swift */,
				A100000000000000249 /* ProActivationFlow.swift */,
				A100000000000000251 /* PendingProIntent.swift */,
			);
			path = Paywall;
			sourceTree = "<group>";
		};
		A100000000000000223 /* Scan */ = {
			isa = PBXGroup;
			children = (
				A100000000000000214 /* ScanSessionModel.swift */,
				A100000000000000216 /* ScanFlowModel.swift */,
				A100000000000000218 /* ScanViews.swift */,
			);
			path = Scan;
			sourceTree = "<group>";
		};
		A100000000000000116 /* Home */ = {
			isa = PBXGroup;
			children = (
				A100000000000000004 /* HomeView.swift */,
			);
			path = Home;
			sourceTree = "<group>";
		};
		A100000000000000117 /* Import */ = {
			isa = PBXGroup;
			children = (
				A100000000000000006 /* ImportFlowModel.swift */,
				A100000000000000204 /* CustomizePDFSheet.swift */,
			);
			path = Import;
			sourceTree = "<group>";
		};
		A100000000000000118 /* Library */ = {
			isa = PBXGroup;
			children = (
				A100000000000000240 /* PDFToolsHostView.swift */,
				A100000000000000248 /* SignatureCanvasView.swift */,
				A10000000000000012A /* SignaturePlacementCanvas.swift */,
				A100000000000000008 /* LibraryView.swift */,
				A100000000000000010 /* PDFViewerView.swift */,
				A100000000000000200 /* LibraryCards.swift */,
				A100000000000000202 /* LibrarySheets.swift */,
			);
			path = Library;
			sourceTree = "<group>";
		};
		A100000000000000119 /* Onboarding */ = {
			isa = PBXGroup;
			children = (
				A100000000000000012 /* OnboardingView.swift */,
			);
			path = Onboarding;
			sourceTree = "<group>";
		};
		A100000000000000120 /* Settings */ = {
			isa = PBXGroup;
			children = (
				A100000000000000235 /* ShareExtensionGuideView.swift */,
				A100000000000000014 /* SettingsView.swift */,
			);
			path = Settings;
			sourceTree = "<group>";
		};
		A100000000000000121 /* Shared */ = {
			isa = PBXGroup;
			children = (
				A100000000000000234 /* Vision */,
				A100000000000000222 /* Entitlements */,
				A100000000000000122 /* Conversion */,
				A100000000000000123 /* Input */,
				A100000000000000124 /* Models */,
				A100000000000000125 /* PDF */,
				A100000000000000126 /* Storage */,
				A100000000000000127 /* Utilities */,
				A100000000000000128 /* Web */,
				A100000000000000166 /* Resources */,
				A100000000000000016 /* AppConfiguration.swift */,
			);
			path = Shared;
			sourceTree = "<group>";
		};
		A100000000000000122 /* Conversion */ = {
			isa = PBXGroup;
			children = (
				A100000000000000019 /* ConversionCoordinator.swift */,
				A100000000000000022 /* ConversionError.swift */,
				A100000000000000025 /* ExistingPDFConverter.swift */,
				A100000000000000028 /* ImagePDFConverter.swift */,
				A100000000000000031 /* TextPDFConverter.swift */,
			);
			path = Conversion;
			sourceTree = "<group>";
		};
		A100000000000000123 /* Input */ = {
			isa = PBXGroup;
			children = (
				A100000000000000034 /* InputClassification.swift */,
				A100000000000000037 /* InputProcessor.swift */,
				A100000000000000180 /* URLPayloadNormalizer.swift */,
				A100000000000000140 /* ShareFlowModel.swift */,
			);
			path = Input;
			sourceTree = "<group>";
		};
		A100000000000000124 /* Models */ = {
			isa = PBXGroup;
			children = (
				A100000000000000040 /* ConversionOptions.swift */,
				A100000000000000043 /* IncomingItem.swift */,
				A100000000000000186 /* PDFCustomization.swift */,
			);
			path = Models;
			sourceTree = "<group>";
		};
		A100000000000000125 /* PDF */ = {
			isa = PBXGroup;
			children = (
				A100000000000000224 /* PDFTools.swift */,
				A100000000000000046 /* AspectLayout.swift */,
				A100000000000000049 /* PDFAssembly.swift */,
				A100000000000000189 /* PersonalizationApplier.swift */,
			);
			path = PDF;
			sourceTree = "<group>";
		};
		A100000000000000126 /* Storage */ = {
			isa = PBXGroup;
			children = (
				A100000000000000052 /* StorageManager.swift */,
				A100000000000000055 /* StoredPDFRecord.swift */,
				A100000000000000183 /* PDFLibraryFolder.swift */,
			);
			path = Storage;
			sourceTree = "<group>";
		};
		A100000000000000234 /* Vision */ = {
			isa = PBXGroup;
			children = (
				A100000000000000229 /* OCRRouter.swift */,
			);
			path = Vision;
			sourceTree = "<group>";
		};
		A100000000000000222 /* Entitlements */ = {
			isa = PBXGroup;
			children = (
				A100000000000000208 /* FeaturePolicy.swift */,
				A100000000000000211 /* EntitlementCenter.swift */,
			);
			path = Entitlements;
			sourceTree = "<group>";
		};
		A100000000000000127 /* Utilities */ = {
			isa = PBXGroup;
			children = (
				A100000000000000058 /* FilenameGenerator.swift */,
				A100000000000000061 /* TempFileStore.swift */,
				A100000000000000149 /* CardTapPolicy.swift */,
				A100000000000000172 /* Theme.swift */,
				A100000000000000192 /* LanguageManager.swift */,
				A100000000000000195 /* ShareFlowEnvironment.swift */,
			);
			path = Utilities;
			sourceTree = "<group>";
		};
		A100000000000000128 /* Web */ = {
			isa = PBXGroup;
			children = (
				A100000000000000064 /* WebContentExtractor.swift */,
				A100000000000000067 /* WebPDFConverter.swift */,
			);
			path = Web;
			sourceTree = "<group>";
		};
		A100000000000000129 /* ShareExtension */ = {
			isa = PBXGroup;
			children = (
				A100000000000000070 /* ShareViewController.swift */,
			);
			path = ShareExtension;
			sourceTree = "<group>";
		};
		A100000000000000130 /* PDFItTests */ = {
			isa = PBXGroup;
			children = (
				A100000000000000072 /* ConversionTests.swift */,
				A100000000000000074 /* CoreUnitTests.swift */,
				A100000000000000076 /* StorageTests.swift */,
				A100000000000000143 /* ShareFlowTests.swift */,
				A100000000000000145 /* WebConverterTests.swift */,
				A100000000000000168 /* LocalizationAndProductTests.swift */,
				A100000000000000170 /* ScreenshotGeneratorTests.swift */,
				A100000000000000206 /* ProductTests.swift */,
				A100000000000000220 /* ScanFlowTests.swift */,
				A100000000000000227 /* PDFToolsTests.swift */,
				A100000000000000232 /* OCRRouterTests.swift */,
				A100000000000000242 /* LibraryIdentityTests.swift */,
				A100000000000000245 /* DevicePassIntegrationTests.swift */,
				A100000000000000253 /* ProActivationTests.swift */,
			);
			path = PDFItTests;
			sourceTree = "<group>";
		};
		A10000000000000010C /* PDFItUITests */ = {
			isa = PBXGroup;
			children = (
				A10000000000000010A /* PDFItUITests.swift */,
			);
			path = PDFItUITests;
			sourceTree = "<group>";
		};
		A100000000000000166 /* Resources */ = {
			isa = PBXGroup;
			children = (
				A100000000000000160 /* Localizable.xcstrings */,
			);
			path = Resources;
			sourceTree = "<group>";
		};
		A100000000000000167 /* Config */ = {
			isa = PBXGroup;
			children = (
				A100000000000000163 /* PrivacyInfo.xcprivacy */,
			);
			path = Config;
			sourceTree = "<group>";
		};
/* End PBXGroup section */

/* Begin PBXNativeTarget section */
		A100000000000000094 /* PDF It */ = {
			isa = PBXNativeTarget;
			buildConfigurationList = A100000000000000103 /* Build configuration list for PBXNativeTarget "PDF It" */;
			buildPhases = (
				A100000000000000085 /* Sources */,
				A100000000000000086 /* Frameworks */,
				A100000000000000087 /* Resources */,
				A100000000000000088 /* Embed Foundation Extensions */,
			);
			buildRules = (
			);
			dependencies = (
				A100000000000000098 /* PBXTargetDependency */,
			);
			name = "PDF It";
			productName = "PDF It";
			productReference = A100000000000000081 /* PDF It.app */;
			productType = "com.apple.product-type.application";
		};
		A100000000000000095 /* PDF It Share */ = {
			isa = PBXNativeTarget;
			buildConfigurationList = A100000000000000104 /* Build configuration list for PBXNativeTarget "PDF It Share" */;
			buildPhases = (
				A100000000000000089 /* Sources */,
				A100000000000000090 /* Frameworks */,
				A100000000000000091 /* Resources */,
			);
			buildRules = (
			);
			dependencies = (
			);
			name = "PDF It Share";
			productName = "PDF It Share";
			productReference = A100000000000000079 /* PDF It Share.appex */;
			productType = "com.apple.product-type.app-extension";
		};
		A100000000000000096 /* PDFItTests */ = {
			isa = PBXNativeTarget;
			buildConfigurationList = A100000000000000105 /* Build configuration list for PBXNativeTarget "PDFItTests" */;
			buildPhases = (
				A100000000000000092 /* Sources */,
				A100000000000000093 /* Frameworks */,
			);
			buildRules = (
			);
			dependencies = (
				A100000000000000100 /* PBXTargetDependency */,
			);
			name = PDFItTests;
			productName = PDFItTests;
			productReference = A100000000000000082 /* PDFItTests.xctest */;
			productType = "com.apple.product-type.bundle.unit-test";
		};
		A10000000000000010F /* PDFItUITests */ = {
			isa = PBXNativeTarget;
			buildConfigurationList = A10000000000000011E /* Build configuration list for PBXNativeTarget "PDFItUITests" */;
			buildPhases = (
				A10000000000000010D /* Sources */,
				A10000000000000010E /* Frameworks */,
			);
			buildRules = (
			);
			dependencies = (
				A10000000000000011B /* PBXTargetDependency */,
			);
			name = PDFItUITests;
			productName = PDFItUITests;
			productReference = A10000000000000010B /* PDFItUITests.xctrunner */;
			productType = "com.apple.product-type.bundle.ui-testing";
		};
/* End PBXNativeTarget section */

/* Begin PBXProject section */
		A100000000000000101 /* Project object */ = {
			isa = PBXProject;
			attributes = {
				BuildIndependentTargetsInParallel = 1;
				LastSwiftUpdateCheck = 1500;
				LastUpgradeCheck = 2620;
				TargetAttributes = {
					A100000000000000094 = {
						CreatedOnToolsVersion = 15.0;
					};
					A100000000000000095 = {
						CreatedOnToolsVersion = 15.0;
					};
					A100000000000000096 = {
						CreatedOnToolsVersion = 15.0;
						TestTargetID = A100000000000000094;
					};
					A10000000000000010F = {
						CreatedOnToolsVersion = 15.0;
						TestTargetID = A100000000000000094;
					};
				};
			};
			buildConfigurationList = A100000000000000102 /* Build configuration list for PBXProject "PDFIt" */;
			compatibilityVersion = "Xcode 14.0";
			developmentRegion = en;
			hasScannedForEncodings = 0;
			knownRegions = (
				en,
				fr,
				es,
				de,
				it,
				Base,
			);
			mainGroup = A100000000000000083;
			productRefGroup = A100000000000000084 /* Products */;
			projectDirPath = "";
			projectRoot = "";
			targets = (
				A100000000000000094 /* PDF It */,
				A100000000000000095 /* PDF It Share */,
				A100000000000000096 /* PDFItTests */,
				A10000000000000010F /* PDFItUITests */,
			);
		};
/* End PBXProject section */

/* Begin PBXResourcesBuildPhase section */
		A100000000000000087 /* Resources */ = {
			isa = PBXResourcesBuildPhase;
			buildActionMask = 2147483647;
			files = (
				A100000000000000078 /* Assets.xcassets in Resources */,
				A100000000000000161 /* Localizable.xcstrings in Resources */,
				A100000000000000164 /* PrivacyInfo.xcprivacy in Resources */,
			);
			runOnlyForDeploymentPostprocessing = 0;
		};
		A100000000000000091 /* Resources */ = {
			isa = PBXResourcesBuildPhase;
			buildActionMask = 2147483647;
			files = (
				A100000000000000162 /* Localizable.xcstrings in Resources */,
				A100000000000000165 /* PrivacyInfo.xcprivacy in Resources */,
			);
			runOnlyForDeploymentPostprocessing = 0;
		};
/* End PBXResourcesBuildPhase section */

/* Begin PBXSourcesBuildPhase section */
		A100000000000000085 /* Sources */ = {
			isa = PBXSourcesBuildPhase;
			buildActionMask = 2147483647;
			files = (
				A100000000000000001 /* PDFItApp.swift in Sources */,
				A100000000000000003 /* HomeView.swift in Sources */,
				A100000000000000005 /* ImportFlowModel.swift in Sources */,
				A100000000000000007 /* LibraryView.swift in Sources */,
				A100000000000000009 /* PDFViewerView.swift in Sources */,
				A100000000000000011 /* OnboardingView.swift in Sources */,
				A100000000000000013 /* SettingsView.swift in Sources */,
				A100000000000000015 /* AppConfiguration.swift in Sources */,
				A100000000000000018 /* ConversionCoordinator.swift in Sources */,
				A100000000000000021 /* ConversionError.swift in Sources */,
				A100000000000000024 /* ExistingPDFConverter.swift in Sources */,
				A100000000000000027 /* ImagePDFConverter.swift in Sources */,
				A100000000000000030 /* TextPDFConverter.swift in Sources */,
				A100000000000000033 /* InputClassification.swift in Sources */,
				A100000000000000036 /* InputProcessor.swift in Sources */,
				A100000000000000039 /* ConversionOptions.swift in Sources */,
				A100000000000000042 /* IncomingItem.swift in Sources */,
				A100000000000000045 /* AspectLayout.swift in Sources */,
				A100000000000000048 /* PDFAssembly.swift in Sources */,
				A100000000000000051 /* StorageManager.swift in Sources */,
				A100000000000000054 /* StoredPDFRecord.swift in Sources */,
				A100000000000000057 /* FilenameGenerator.swift in Sources */,
				A100000000000000060 /* TempFileStore.swift in Sources */,
				A100000000000000063 /* WebContentExtractor.swift in Sources */,
				A100000000000000066 /* WebPDFConverter.swift in Sources */,
				A100000000000000141 /* ShareFlowModel.swift in Sources */,
				A100000000000000150 /* CardTapPolicy.swift in Sources */,
				A100000000000000173 /* Theme.swift in Sources */,
				A100000000000000181 /* URLPayloadNormalizer.swift in Sources */,
				A100000000000000184 /* PDFLibraryFolder.swift in Sources */,
				A100000000000000187 /* PDFCustomization.swift in Sources */,
				A100000000000000190 /* PersonalizationApplier.swift in Sources */,
				A100000000000000193 /* LanguageManager.swift in Sources */,
				A100000000000000196 /* ShareFlowEnvironment.swift in Sources */,
				A100000000000000199 /* LanguageSetting.swift in Sources */,
				A100000000000000201 /* LibraryCards.swift in Sources */,
				A100000000000000203 /* LibrarySheets.swift in Sources */,
				A100000000000000205 /* CustomizePDFSheet.swift in Sources */,
				A100000000000000209 /* FeaturePolicy.swift in Sources */,
				A100000000000000212 /* EntitlementCenter.swift in Sources */,
				A100000000000000215 /* ScanSessionModel.swift in Sources */,
				A100000000000000217 /* ScanFlowModel.swift in Sources */,
				A100000000000000219 /* ScanViews.swift in Sources */,
				A100000000000000225 /* PDFTools.swift in Sources */,
				A100000000000000230 /* OCRRouter.swift in Sources */,
				A100000000000000236 /* ShareExtensionGuideView.swift in Sources */,
				A100000000000000238 /* PaywallView.swift in Sources */,
				A100000000000000250 /* ProActivationFlow.swift in Sources */,
				A100000000000000252 /* PendingProIntent.swift in Sources */,
				A100000000000000241 /* PDFToolsHostView.swift in Sources */,
				A100000000000000247 /* SignatureCanvasView.swift in Sources */,
				A10000000000000011F /* SignaturePlacementCanvas.swift in Sources */,
			);
			runOnlyForDeploymentPostprocessing = 0;
		};
		A100000000000000089 /* Sources */ = {
			isa = PBXSourcesBuildPhase;
			buildActionMask = 2147483647;
			files = (
				A100000000000000017 /* AppConfiguration.swift in Sources */,
				A100000000000000020 /* ConversionCoordinator.swift in Sources */,
				A100000000000000023 /* ConversionError.swift in Sources */,
				A100000000000000026 /* ExistingPDFConverter.swift in Sources */,
				A100000000000000029 /* ImagePDFConverter.swift in Sources */,
				A100000000000000032 /* TextPDFConverter.swift in Sources */,
				A100000000000000035 /* InputClassification.swift in Sources */,
				A100000000000000038 /* InputProcessor.swift in Sources */,
				A100000000000000041 /* ConversionOptions.swift in Sources */,
				A100000000000000044 /* IncomingItem.swift in Sources */,
				A100000000000000047 /* AspectLayout.swift in Sources */,
				A100000000000000050 /* PDFAssembly.swift in Sources */,
				A100000000000000053 /* StorageManager.swift in Sources */,
				A100000000000000056 /* StoredPDFRecord.swift in Sources */,
				A100000000000000059 /* FilenameGenerator.swift in Sources */,
				A100000000000000062 /* TempFileStore.swift in Sources */,
				A100000000000000065 /* WebContentExtractor.swift in Sources */,
				A100000000000000068 /* WebPDFConverter.swift in Sources */,
				A100000000000000069 /* ShareViewController.swift in Sources */,
				A100000000000000142 /* ShareFlowModel.swift in Sources */,
				A100000000000000151 /* CardTapPolicy.swift in Sources */,
				A100000000000000174 /* Theme.swift in Sources */,
				A100000000000000182 /* URLPayloadNormalizer.swift in Sources */,
				A100000000000000185 /* PDFLibraryFolder.swift in Sources */,
				A100000000000000188 /* PDFCustomization.swift in Sources */,
				A100000000000000191 /* PersonalizationApplier.swift in Sources */,
				A100000000000000194 /* LanguageManager.swift in Sources */,
				A100000000000000197 /* ShareFlowEnvironment.swift in Sources */,
				A100000000000000210 /* FeaturePolicy.swift in Sources */,
				A100000000000000213 /* EntitlementCenter.swift in Sources */,
				A100000000000000226 /* PDFTools.swift in Sources */,
				A100000000000000231 /* OCRRouter.swift in Sources */,
			);
			runOnlyForDeploymentPostprocessing = 0;
		};
		A100000000000000092 /* Sources */ = {
			isa = PBXSourcesBuildPhase;
			buildActionMask = 2147483647;
			files = (
				A100000000000000071 /* ConversionTests.swift in Sources */,
				A100000000000000073 /* CoreUnitTests.swift in Sources */,
				A100000000000000075 /* StorageTests.swift in Sources */,
				A100000000000000144 /* ShareFlowTests.swift in Sources */,
				A100000000000000146 /* WebConverterTests.swift in Sources */,
				A100000000000000169 /* LocalizationAndProductTests.swift in Sources */,
				A100000000000000171 /* ScreenshotGeneratorTests.swift in Sources */,
				A100000000000000207 /* ProductTests.swift in Sources */,
				A100000000000000221 /* ScanFlowTests.swift in Sources */,
				A100000000000000228 /* PDFToolsTests.swift in Sources */,
				A100000000000000233 /* OCRRouterTests.swift in Sources */,
				A100000000000000243 /* LibraryIdentityTests.swift in Sources */,
				A100000000000000246 /* DevicePassIntegrationTests.swift in Sources */,
				A100000000000000254 /* ProActivationTests.swift in Sources */,
			);
			runOnlyForDeploymentPostprocessing = 0;
		};
		A10000000000000010D /* Sources */ = {
			isa = PBXSourcesBuildPhase;
			buildActionMask = 2147483647;
			files = (
				A1000000000000000FF /* PDFItUITests.swift in Sources */,
			);
			runOnlyForDeploymentPostprocessing = 0;
		};
/* End PBXSourcesBuildPhase section */
		A10000000000000010E /* Frameworks */ = {
			isa = PBXFrameworksBuildPhase;
			buildActionMask = 2147483647;
			files = (
			);
			runOnlyForDeploymentPostprocessing = 0;
		};


/* Begin PBXTargetDependency section */
		A100000000000000098 /* PBXTargetDependency */ = {
			isa = PBXTargetDependency;
			target = A100000000000000095 /* PDF It Share */;
			targetProxy = A100000000000000097 /* PBXContainerItemProxy */;
		};
		A100000000000000100 /* PBXTargetDependency */ = {
			isa = PBXTargetDependency;
			target = A100000000000000094 /* PDF It */;
			targetProxy = A100000000000000099 /* PBXContainerItemProxy */;
		};
/* End PBXTargetDependency section */

/* Begin XCBuildConfiguration section */
		A100000000000000106 /* Debug */ = {
			isa = XCBuildConfiguration;
			buildSettings = {
				ALWAYS_SEARCH_USER_PATHS = NO;
				CLANG_ANALYZER_LOCALIZABILITY_NONLOCALIZED = YES;
				CLANG_ENABLE_MODULES = YES;
				CLANG_ENABLE_OBJC_ARC = YES;
				CLANG_WARN_BLOCK_CAPTURE_AUTORELEASING = YES;
				CLANG_WARN_BOOL_CONVERSION = YES;
				CLANG_WARN_COMMA = YES;
				CLANG_WARN_CONSTANT_CONVERSION = YES;
				CLANG_WARN_DEPRECATED_OBJC_IMPLEMENTATIONS = YES;
				CLANG_WARN_EMPTY_BODY = YES;
				CLANG_WARN_ENUM_CONVERSION = YES;
				CLANG_WARN_INFINITE_RECURSION = YES;
				CLANG_WARN_INT_CONVERSION = YES;
				CLANG_WARN_NON_LITERAL_NULL_CONVERSION = YES;
				CLANG_WARN_OBJC_IMPLICIT_RETAIN_SELF = YES;
				CLANG_WARN_OBJC_LITERAL_CONVERSION = YES;
				CLANG_WARN_QUOTED_INCLUDE_IN_FRAMEWORK_HEADER = YES;
				CLANG_WARN_RANGE_LOOP_ANALYSIS = YES;
				CLANG_WARN_STRICT_PROTOTYPES = YES;
				CLANG_WARN_SUSPICIOUS_MOVE = YES;
				CLANG_WARN_UNREACHABLE_CODE = YES;
				CLANG_WARN__DUPLICATE_METHOD_MATCH = YES;
				DEBUG_INFORMATION_FORMAT = dwarf;
				ENABLE_STRICT_OBJC_MSGSEND = YES;
				ENABLE_TESTABILITY = YES;
				ENABLE_USER_SCRIPT_SANDBOXING = YES;
				GCC_C_LANGUAGE_STANDARD = gnu17;
				GCC_NO_COMMON_BLOCKS = YES;
				GCC_OPTIMIZATION_LEVEL = 0;
				GCC_PREPROCESSOR_DEFINITIONS = (
					"DEBUG=1",
					"$(inherited)",
				);
				GCC_WARN_64_TO_32_BIT_CONVERSION = YES;
				GCC_WARN_ABOUT_RETURN_TYPE = YES_ERROR;
				GCC_WARN_UNDECLARED_SELECTOR = YES;
				GCC_WARN_UNINITIALIZED_AUTOS = YES;
				GCC_WARN_UNUSED_FUNCTION = YES;
				GCC_WARN_UNUSED_VARIABLE = YES;
				IPHONEOS_DEPLOYMENT_TARGET = 17.0;
				ONLY_ACTIVE_ARCH = YES;
				SDKROOT = iphoneos;
				STRING_CATALOG_GENERATE_SYMBOLS = YES;
				SWIFT_ACTIVE_COMPILATION_CONDITIONS = DEBUG;
				SWIFT_OPTIMIZATION_LEVEL = "-Onone";
			};
			name = Debug;
		};
		A100000000000000107 /* Release */ = {
			isa = XCBuildConfiguration;
			buildSettings = {
				ALWAYS_SEARCH_USER_PATHS = NO;
				CLANG_ANALYZER_LOCALIZABILITY_NONLOCALIZED = YES;
				CLANG_ENABLE_MODULES = YES;
				CLANG_ENABLE_OBJC_ARC = YES;
				CLANG_WARN_BLOCK_CAPTURE_AUTORELEASING = YES;
				CLANG_WARN_BOOL_CONVERSION = YES;
				CLANG_WARN_COMMA = YES;
				CLANG_WARN_CONSTANT_CONVERSION = YES;
				CLANG_WARN_DEPRECATED_OBJC_IMPLEMENTATIONS = YES;
				CLANG_WARN_EMPTY_BODY = YES;
				CLANG_WARN_ENUM_CONVERSION = YES;
				CLANG_WARN_INFINITE_RECURSION = YES;
				CLANG_WARN_INT_CONVERSION = YES;
				CLANG_WARN_NON_LITERAL_NULL_CONVERSION = YES;
				CLANG_WARN_OBJC_IMPLICIT_RETAIN_SELF = YES;
				CLANG_WARN_OBJC_LITERAL_CONVERSION = YES;
				CLANG_WARN_QUOTED_INCLUDE_IN_FRAMEWORK_HEADER = YES;
				CLANG_WARN_RANGE_LOOP_ANALYSIS = YES;
				CLANG_WARN_STRICT_PROTOTYPES = YES;
				CLANG_WARN_SUSPICIOUS_MOVE = YES;
				CLANG_WARN_UNREACHABLE_CODE = YES;
				CLANG_WARN__DUPLICATE_METHOD_MATCH = YES;
				COPY_PHASE_STRIP = NO;
				DEBUG_INFORMATION_FORMAT = "dwarf-with-dsym";
				ENABLE_NS_ASSERTIONS = NO;
				ENABLE_STRICT_OBJC_MSGSEND = YES;
				ENABLE_USER_SCRIPT_SANDBOXING = YES;
				GCC_C_LANGUAGE_STANDARD = gnu17;
				GCC_NO_COMMON_BLOCKS = YES;
				GCC_WARN_ABOUT_RETURN_TYPE = YES_ERROR;
				GCC_WARN_UNDECLARED_SELECTOR = YES;
				GCC_WARN_UNINITIALIZED_AUTOS = YES;
				GCC_WARN_UNUSED_FUNCTION = YES;
				GCC_WARN_UNUSED_VARIABLE = YES;
				IPHONEOS_DEPLOYMENT_TARGET = 17.0;
				SDKROOT = iphoneos;
				STRING_CATALOG_GENERATE_SYMBOLS = YES;
				SWIFT_COMPILATION_MODE = wholemodule;
				SWIFT_OPTIMIZATION_LEVEL = "-O";
				VALIDATE_PRODUCT = YES;
			};
			name = Release;
		};
		A100000000000000108 /* Debug */ = {
			isa = XCBuildConfiguration;
			buildSettings = {
				ALWAYS_SEARCH_USER_PATHS = NO;
				ASSETCATALOG_COMPILER_APPICON_NAME = AppIcon;
				ASSETCATALOG_COMPILER_GLOBAL_ACCENT_COLOR_NAME = AccentColor;
				CLANG_ENABLE_MODULES = YES;
				CLANG_ENABLE_OBJC_ARC = YES;
				CODE_SIGN_ENTITLEMENTS = Config/PDFIt.entitlements;
				CODE_SIGN_STYLE = Automatic;
				CURRENT_PROJECT_VERSION = 2;
				DEVELOPMENT_TEAM = 67R4AKNPXZ;
				ENABLE_TESTABILITY = YES;
				GENERATE_INFOPLIST_FILE = NO;
				INFOPLIST_FILE = "Config/PDFIt-Info.plist";
				IPHONEOS_DEPLOYMENT_TARGET = 17.0;
				LD_RUNPATH_SEARCH_PATHS = (
					"$(inherited)",
					"@executable_path/Frameworks",
				);
				MARKETING_VERSION = 1.0;
				PRODUCT_BUNDLE_IDENTIFIER = com.kenatst.pdfit;
				PRODUCT_MODULE_NAME = PDFIt;
				PRODUCT_NAME = "$(TARGET_NAME)";
				SDKROOT = iphoneos;
				SUPPORTED_PLATFORMS = "iphoneos iphonesimulator";
				SWIFT_EMIT_LOC_STRINGS = YES;
				SWIFT_VERSION = 5.0;
				TARGETED_DEVICE_FAMILY = "1,2";
			};
			name = Debug;
		};
		A100000000000000109 /* Release */ = {
			isa = XCBuildConfiguration;
			buildSettings = {
				ALWAYS_SEARCH_USER_PATHS = NO;
				ASSETCATALOG_COMPILER_APPICON_NAME = AppIcon;
				ASSETCATALOG_COMPILER_GLOBAL_ACCENT_COLOR_NAME = AccentColor;
				CLANG_ENABLE_MODULES = YES;
				CLANG_ENABLE_OBJC_ARC = YES;
				CODE_SIGN_ENTITLEMENTS = Config/PDFIt.entitlements;
				CODE_SIGN_STYLE = Automatic;
				CURRENT_PROJECT_VERSION = 2;
				DEVELOPMENT_TEAM = 67R4AKNPXZ;
				ENABLE_TESTABILITY = NO;
				GENERATE_INFOPLIST_FILE = NO;
				INFOPLIST_FILE = "Config/PDFIt-Info.plist";
				IPHONEOS_DEPLOYMENT_TARGET = 17.0;
				LD_RUNPATH_SEARCH_PATHS = (
					"$(inherited)",
					"@executable_path/Frameworks",
				);
				MARKETING_VERSION = 1.0;
				PRODUCT_BUNDLE_IDENTIFIER = com.kenatst.pdfit;
				PRODUCT_MODULE_NAME = PDFIt;
				PRODUCT_NAME = "$(TARGET_NAME)";
				SDKROOT = iphoneos;
				SUPPORTED_PLATFORMS = "iphoneos iphonesimulator";
				SWIFT_EMIT_LOC_STRINGS = YES;
				SWIFT_VERSION = 5.0;
				TARGETED_DEVICE_FAMILY = "1,2";
			};
			name = Release;
		};
		A100000000000000110 /* Debug */ = {
			isa = XCBuildConfiguration;
			buildSettings = {
				ALWAYS_SEARCH_USER_PATHS = NO;
				CLANG_ENABLE_MODULES = YES;
				CLANG_ENABLE_OBJC_ARC = YES;
				CODE_SIGN_ENTITLEMENTS = Config/ShareExtension.entitlements;
				CODE_SIGN_STYLE = Automatic;
				CURRENT_PROJECT_VERSION = 2;
				DEVELOPMENT_TEAM = 67R4AKNPXZ;
				GENERATE_INFOPLIST_FILE = NO;
				INFOPLIST_FILE = "Config/ShareExtension-Info.plist";
				IPHONEOS_DEPLOYMENT_TARGET = 17.0;
				LD_RUNPATH_SEARCH_PATHS = (
					"$(inherited)",
					"@executable_path/Frameworks",
					"@executable_path/../../Frameworks",
				);
				MARKETING_VERSION = 1.0;
				PRODUCT_BUNDLE_IDENTIFIER = com.kenatst.pdfit.share;
				PRODUCT_MODULE_NAME = PDFItShare;
				PRODUCT_NAME = "$(TARGET_NAME)";
				SDKROOT = iphoneos;
				SKIP_INSTALL = YES;
				SUPPORTED_PLATFORMS = "iphoneos iphonesimulator";
				SWIFT_EMIT_LOC_STRINGS = YES;
				SWIFT_VERSION = 5.0;
				SWIFT_ACTIVE_COMPILATION_CONDITIONS = "$(inherited) EXTENSION";
				TARGETED_DEVICE_FAMILY = "1,2";
			};
			name = Debug;
		};
		A100000000000000111 /* Release */ = {
			isa = XCBuildConfiguration;
			buildSettings = {
				ALWAYS_SEARCH_USER_PATHS = NO;
				CLANG_ENABLE_MODULES = YES;
				CLANG_ENABLE_OBJC_ARC = YES;
				CODE_SIGN_ENTITLEMENTS = Config/ShareExtension.entitlements;
				CODE_SIGN_STYLE = Automatic;
				CURRENT_PROJECT_VERSION = 2;
				DEVELOPMENT_TEAM = 67R4AKNPXZ;
				GENERATE_INFOPLIST_FILE = NO;
				INFOPLIST_FILE = "Config/ShareExtension-Info.plist";
				IPHONEOS_DEPLOYMENT_TARGET = 17.0;
				LD_RUNPATH_SEARCH_PATHS = (
					"$(inherited)",
					"@executable_path/Frameworks",
					"@executable_path/../../Frameworks",
				);
				MARKETING_VERSION = 1.0;
				PRODUCT_BUNDLE_IDENTIFIER = com.kenatst.pdfit.share;
				PRODUCT_MODULE_NAME = PDFItShare;
				PRODUCT_NAME = "$(TARGET_NAME)";
				SDKROOT = iphoneos;
				SKIP_INSTALL = YES;
				SUPPORTED_PLATFORMS = "iphoneos iphonesimulator";
				SWIFT_EMIT_LOC_STRINGS = YES;
				SWIFT_VERSION = 5.0;
				SWIFT_ACTIVE_COMPILATION_CONDITIONS = "$(inherited) EXTENSION";
				TARGETED_DEVICE_FAMILY = "1,2";
			};
			name = Release;
		};
		A100000000000000112 /* Debug */ = {
			isa = XCBuildConfiguration;
			buildSettings = {
				ALWAYS_SEARCH_USER_PATHS = NO;
				BUNDLE_LOADER = "$(TEST_HOST)";
				"CODE_SIGN_IDENTITY[sdk=macosx*]" = "Apple Development";
				CODE_SIGN_STYLE = Automatic;
				CURRENT_PROJECT_VERSION = 2;
				DEVELOPMENT_TEAM = 67R4AKNPXZ;
				GENERATE_INFOPLIST_FILE = YES;
				IPHONEOS_DEPLOYMENT_TARGET = 17.0;
				MARKETING_VERSION = 1.0;
				PRODUCT_BUNDLE_IDENTIFIER = com.kenatst.pdfit.tests;
				PRODUCT_NAME = "$(TARGET_NAME)";
				SDKROOT = iphoneos;
				SWIFT_EMIT_LOC_STRINGS = NO;
				SWIFT_VERSION = 5.0;
				TARGETED_DEVICE_FAMILY = "1,2";
				TEST_HOST = "$(BUILT_PRODUCTS_DIR)/PDF It.app/$(BUNDLE_EXECUTABLE_FOLDER_PATH)/PDF It";
			};
			name = Debug;
		};
		A100000000000000113 /* Release */ = {
			isa = XCBuildConfiguration;
			buildSettings = {
				ALWAYS_SEARCH_USER_PATHS = NO;
				BUNDLE_LOADER = "$(TEST_HOST)";
				"CODE_SIGN_IDENTITY[sdk=macosx*]" = "Apple Development";
				CODE_SIGN_STYLE = Automatic;
				CURRENT_PROJECT_VERSION = 2;
				DEVELOPMENT_TEAM = 67R4AKNPXZ;
				GENERATE_INFOPLIST_FILE = YES;
				IPHONEOS_DEPLOYMENT_TARGET = 17.0;
				MARKETING_VERSION = 1.0;
				PRODUCT_BUNDLE_IDENTIFIER = com.kenatst.pdfit.tests;
				PRODUCT_NAME = "$(TARGET_NAME)";
				SDKROOT = iphoneos;
				SWIFT_EMIT_LOC_STRINGS = NO;
				SWIFT_VERSION = 5.0;
				TARGETED_DEVICE_FAMILY = "1,2";
				TEST_HOST = "$(BUILT_PRODUCTS_DIR)/PDF It.app/$(BUNDLE_EXECUTABLE_FOLDER_PATH)/PDF It";
			};
			name = Release;
		};
/* End XCBuildConfiguration section */

/* Begin XCConfigurationList section */
		A100000000000000102 /* Build configuration list for PBXProject "PDFIt" */ = {
			isa = XCConfigurationList;
			buildConfigurations = (
				A100000000000000106 /* Debug */,
				A100000000000000107 /* Release */,
			);
			defaultConfigurationIsVisible = 0;
			defaultConfigurationName = Release;
		};
		A100000000000000103 /* Build configuration list for PBXNativeTarget "PDF It" */ = {
			isa = XCConfigurationList;
			buildConfigurations = (
				A100000000000000108 /* Debug */,
				A100000000000000109 /* Release */,
			);
			defaultConfigurationIsVisible = 0;
			defaultConfigurationName = Release;
		};
		A100000000000000104 /* Build configuration list for PBXNativeTarget "PDF It Share" */ = {
			isa = XCConfigurationList;
			buildConfigurations = (
				A100000000000000110 /* Debug */,
				A100000000000000111 /* Release */,
			);
			defaultConfigurationIsVisible = 0;
			defaultConfigurationName = Release;
		};
		A100000000000000105 /* Build configuration list for PBXNativeTarget "PDFItTests" */ = {
			isa = XCConfigurationList;
			buildConfigurations = (
				A100000000000000112 /* Debug */,
				A100000000000000113 /* Release */,
			);
			defaultConfigurationIsVisible = 0;
			defaultConfigurationName = Release;
		};
		A10000000000000011C /* Debug */ = {
			isa = XCBuildConfiguration;
			buildSettings = {
				ALWAYS_SEARCH_USER_PATHS = NO;
				COPY_PHASE_STRIP = NO;
				ENABLE_TESTABILITY = YES;
				GCC_OPTIMIZATION_LEVEL = 0;
				ONLY_ACTIVE_ARCH = YES;
				SWIFT_ACTIVE_COMPILATION_CONDITIONS = DEBUG;
				SWIFT_OPTIMIZATION_LEVEL = "-Onone";
				CODE_SIGN_STYLE = Automatic;
				CURRENT_PROJECT_VERSION = 1;
				GENERATE_INFOPLIST_FILE = YES;
				IPHONEOS_DEPLOYMENT_TARGET = 17.0;
				MARKETING_VERSION = 1.0;
				PRODUCT_BUNDLE_IDENTIFIER = com.kenatst.pdfit.uitests;
				PRODUCT_NAME = "$(TARGET_NAME)";
				SWIFT_EMIT_LOC_STRINGS = NO;
				SWIFT_VERSION = 5.0;
				TARGETED_DEVICE_FAMILY = "1,2";
				TEST_TARGET_NAME = "PDF It";
			};
			name = Debug;
		};
		A10000000000000011D /* Release */ = {
			isa = XCBuildConfiguration;
			buildSettings = {
				ALWAYS_SEARCH_USER_PATHS = NO;
				DEBUG_INFORMATION_FORMAT = "dwarf-with-dsym";
				ENABLE_NS_ASSERTIONS = NO;
				SWIFT_COMPILATION_MODE = wholemodule;
				VALIDATE_PRODUCT = YES;
				CODE_SIGN_STYLE = Automatic;
				CURRENT_PROJECT_VERSION = 1;
				GENERATE_INFOPLIST_FILE = YES;
				IPHONEOS_DEPLOYMENT_TARGET = 17.0;
				MARKETING_VERSION = 1.0;
				PRODUCT_BUNDLE_IDENTIFIER = com.kenatst.pdfit.uitests;
				PRODUCT_NAME = "$(TARGET_NAME)";
				SWIFT_EMIT_LOC_STRINGS = NO;
				SWIFT_VERSION = 5.0;
				TARGETED_DEVICE_FAMILY = "1,2";
				TEST_TARGET_NAME = "PDF It";
			};
			name = Release;
		};
		A10000000000000011E /* Build configuration list for PBXNativeTarget "PDFItUITests" */ = {
			isa = XCConfigurationList;
			buildConfigurations = (
				A10000000000000011C /* Debug */,
				A10000000000000011D /* Release */,
			);
			defaultConfigurationIsVisible = 0;
			defaultConfigurationName = Release;
		};
/* End XCConfigurationList section */
	};
	rootObject = A100000000000000101 /* Project object */;
}
